
Microsoft Visual Studio Solution File, Format Version 12.00
# Visual Studio Version 17
VisualStudioVersion = 17.9.34728.123
MinimumVisualStudioVersion = 10.0.40219.1
Project("{FAE04EC0-301F-11D3-BF4B-00C04F79EFBC}") = "WinForm_APP_IDWPKQ", "WinForm_APP_IDWPKQ\WinForm_APP_IDWPKQ.csproj", "{F3B59FEC-858B-407D-B82E-885DD6FC9A14}"
EndProject
Global
	GlobalSection(SolutionConfigurationPlatforms) = preSolution
		Debug|Any CPU = Debug|Any CPU
		Release|Any CPU = Release|Any CPU
	EndGlobalSection
	GlobalSection(ProjectConfigurationPlatforms) = postSolution
		{F3B59FEC-858B-407D-B82E-885DD6FC9A14}.Debug|Any CPU.ActiveCfg = Debug|Any CPU
		{F3B59FEC-858B-407D-B82E-885DD6FC9A14}.Debug|Any CPU.Build.0 = Debug|Any CPU
		{F3B59FEC-858B-407D-B82E-885DD6FC9A14}.Release|Any CPU.ActiveCfg = Release|Any CPU
		{F3B59FEC-858B-407D-B82E-885DD6FC9A14}.Release|Any CPU.Build.0 = Release|Any CPU
	EndGlobalSection
	GlobalSection(SolutionProperties) = preSolution
		HideSolutionNode = FALSE
	EndGlobalSection
	GlobalSection(ExtensibilityGlobals) = postSolution
		SolutionGuid = {A4A608F4-047F-44CA-803E-381F7AE70CCA}
	EndGlobalSection
EndGlobal
